
Microsoft Visual Studio Solution File, Format Version 12.00
# Visual Studio Version 17
VisualStudioVersion = 17.11.35222.181
MinimumVisualStudioVersion = 10.0.40219.1
Project("{FAE04EC0-301F-11D3-BF4B-00C04F79EFBC}") = "Flowingly", "Flowingly\Flowingly.csproj", "{EF59BBA2-EA4C-4DF4-A2DA-FDCC4AD0AC44}"
EndProject
Global
	GlobalSection(SolutionConfigurationPlatforms) = preSolution
		Debug|Any CPU = Debug|Any CPU
		Release|Any CPU = Release|Any CPU
	EndGlobalSection
	GlobalSection(ProjectConfigurationPlatforms) = postSolution
		{EF59BBA2-EA4C-4DF4-A2DA-FDCC4AD0AC44}.Debug|Any CPU.ActiveCfg = Debug|Any CPU
		{EF59BBA2-EA4C-4DF4-A2DA-FDCC4AD0AC44}.Debug|Any CPU.Build.0 = Debug|Any CPU
		{EF59BBA2-EA4C-4DF4-A2DA-FDCC4AD0AC44}.Release|Any CPU.ActiveCfg = Release|Any CPU
		{EF59BBA2-EA4C-4DF4-A2DA-FDCC4AD0AC44}.Release|Any CPU.Build.0 = Release|Any CPU
	EndGlobalSection
	GlobalSection(SolutionProperties) = preSolution
		HideSolutionNode = FALSE
	EndGlobalSection
	GlobalSection(ExtensibilityGlobals) = postSolution
		SolutionGuid = {A44A7085-7B86-482B-BE7C-0B9446AA223B}
	EndGlobalSection
EndGlobal
